// !$*UTF8*$!
{
	archiveVersion = 1;
	classes = {
	};
	objectVersion = 60;
	objects = {

/* Begin PBXBuildFile section */
		7458C6892C57EAA1009081BC /* InfoEnergyApp.swift in Sources */ = {isa = PBXBuildFile; fileRef = 7458C6882C57EAA1009081BC /* InfoEnergyApp.swift */; };
		7458C68B2C57EAA1009081BC /* CoffeView.swift in Sources */ = {isa = PBXBuildFile; fileRef = 7458C68A2C57EAA1009081BC /* CoffeView.swift */; };
		7458C68D2C57EAA2009081BC /* Assets.xcassets in Resources */ = {isa = PBXBuildFile; fileRef = 7458C68C2C57EAA2009081BC /* Assets.xcassets */; };
		7458C6912C57EAA3009081BC /* Preview Assets.xcassets in Resources */ = {isa = PBXBuildFile; fileRef = 7458C6902C57EAA3009081BC /* Preview Assets.xcassets */; };
		7458C6982C57ED77009081BC /* InfoEnergyChartLinesView.swift in Sources */ = {isa = PBXBuildFile; fileRef = 7458C6972C57ED77009081BC /* InfoEnergyChartLinesView.swift */; };
		7458C69C2C57ED9E009081BC /* Period.swift in Sources */ = {isa = PBXBuildFile; fileRef = 7458C69B2C57ED9E009081BC /* Period.swift */; };
		7458C6A02C57EDEC009081BC /* InfoEnergyItem.swift in Sources */ = {isa = PBXBuildFile; fileRef = 7458C69F2C57EDEC009081BC /* InfoEnergyItem.swift */; };
		7458C6A22C57F1AA009081BC /* InfoEnergyCSVModel.swift in Sources */ = {isa = PBXBuildFile; fileRef = 7458C6A12C57F189009081BC /* InfoEnergyCSVModel.swift */; };
		7458C6A42C57F5DE009081BC /* InfoEnergyMainView.swift in Sources */ = {isa = PBXBuildFile; fileRef = 7458C6A32C57F5DE009081BC /* InfoEnergyMainView.swift */; };
		7458C6A62C57F916009081BC /* mock.csv in Resources */ = {isa = PBXBuildFile; fileRef = 7458C6A52C57F916009081BC /* mock.csv */; };
		7458C6A82C57FBB3009081BC /* ImportButton.swift in Sources */ = {isa = PBXBuildFile; fileRef = 7458C6A72C57FBB3009081BC /* ImportButton.swift */; };
		7458C6AC2C5801B1009081BC /* Array+Extension.swift in Sources */ = {isa = PBXBuildFile; fileRef = 7458C6AB2C5801B1009081BC /* Array+Extension.swift */; };
		7458C6AE2C5802A6009081BC /* String+Extension.swift in Sources */ = {isa = PBXBuildFile; fileRef = 7458C6AD2C5802A6009081BC /* String+Extension.swift */; };
		7458C6B02C581B83009081BC /* Sequence+Extension.swift in Sources */ = {isa = PBXBuildFile; fileRef = 7458C6AF2C581B75009081BC /* Sequence+Extension.swift */; };
		7458C6B22C581F87009081BC /* Date+Extension.swift in Sources */ = {isa = PBXBuildFile; fileRef = 7458C6B12C581F87009081BC /* Date+Extension.swift */; };
		7458C6B42C5931C3009081BC /* Calendar+Extension.swift in Sources */ = {isa = PBXBuildFile; fileRef = 7458C6B32C5931BC009081BC /* Calendar+Extension.swift */; };
		7458C6B62C5933F7009081BC /* Int+Extension.swift in Sources */ = {isa = PBXBuildFile; fileRef = 7458C6B52C5933F7009081BC /* Int+Extension.swift */; };
		7458C6BA2C5E9C71009081BC /* InfoEnergyLinesView.swift in Sources */ = {isa = PBXBuildFile; fileRef = 7458C6B92C5E9C71009081BC /* InfoEnergyLinesView.swift */; };
		7458C6BD2C5E9CC5009081BC /* FilterDateView.swift in Sources */ = {isa = PBXBuildFile; fileRef = 7458C6BC2C5E9CC5009081BC /* FilterDateView.swift */; };
		7458C6C22C615875009081BC /* LocalizedStringKeys.swift in Sources */ = {isa = PBXBuildFile; fileRef = 7458C6C12C615875009081BC /* LocalizedStringKeys.swift */; };
		7458C6C42C615AEF009081BC /* DividedForEach.swift in Sources */ = {isa = PBXBuildFile; fileRef = 7458C6C32C615AE7009081BC /* DividedForEach.swift */; };
		7458C6C62C615B28009081BC /* Legend.swift in Sources */ = {isa = PBXBuildFile; fileRef = 7458C6C52C615B28009081BC /* Legend.swift */; };
		7458C6C82C627A19009081BC /* InfoEnergyTimeItem.swift in Sources */ = {isa = PBXBuildFile; fileRef = 7458C6C72C627A0A009081BC /* InfoEnergyTimeItem.swift */; };
		7458C6CA2C627AA2009081BC /* InfoEnergyModel.swift in Sources */ = {isa = PBXBuildFile; fileRef = 7458C6C92C627A9C009081BC /* InfoEnergyModel.swift */; };
		7458C6CC2C627AF3009081BC /* InfoEnergyTimesView.swift in Sources */ = {isa = PBXBuildFile; fileRef = 7458C6CB2C627AF2009081BC /* InfoEnergyTimesView.swift */; };
		7458C6CE2C63C975009081BC /* InfoEnergyProtocol.swift in Sources */ = {isa = PBXBuildFile; fileRef = 7458C6CD2C63C975009081BC /* InfoEnergyProtocol.swift */; };
		7458C6D02C63D904009081BC /* DateFormatter+Extension.swift in Sources */ = {isa = PBXBuildFile; fileRef = 7458C6CF2C63D904009081BC /* DateFormatter+Extension.swift */; };
/* End PBXBuildFile section */

/* Begin PBXFileReference section */
		7458C6852C57EAA1009081BC /* InfoEnergy.app */ = {isa = PBXFileReference; explicitFileType = wrapper.application; includeInIndex = 0; path = InfoEnergy.app; sourceTree = BUILT_PRODUCTS_DIR; };
		7458C6882C57EAA1009081BC /* InfoEnergyApp.swift */ = {isa = PBXFileReference; lastKnownFileType = sourcecode.swift; path = InfoEnergyApp.swift; sourceTree = "<group>"; };
		7458C68A2C57EAA1009081BC /* CoffeView.swift */ = {isa = PBXFileReference; lastKnownFileType = sourcecode.swift; path = CoffeView.swift; sourceTree = "<group>"; };
		7458C68C2C57EAA2009081BC /* Assets.xcassets */ = {isa = PBXFileReference; lastKnownFileType = folder.assetcatalog; path = Assets.xcassets; sourceTree = "<group>"; };
		7458C68E2C57EAA2009081BC /* InfoEnergy.entitlements */ = {isa = PBXFileReference; lastKnownFileType = text.plist.entitlements; path = InfoEnergy.entitlements; sourceTree = "<group>"; };
		7458C6902C57EAA3009081BC /* Preview Assets.xcassets */ = {isa = PBXFileReference; lastKnownFileType = folder.assetcatalog; path = "Preview Assets.xcassets"; sourceTree = "<group>"; };
		7458C6972C57ED77009081BC /* InfoEnergyChartLinesView.swift */ = {isa = PBXFileReference; lastKnownFileType = sourcecode.swift; path = InfoEnergyChartLinesView.swift; sourceTree = "<group>"; };
		7458C69B2C57ED9E009081BC /* Period.swift */ = {isa = PBXFileReference; lastKnownFileType = sourcecode.swift; path = Period.swift; sourceTree = "<group>"; };
		7458C69F2C57EDEC009081BC /* InfoEnergyItem.swift */ = {isa = PBXFileReference; lastKnownFileType = sourcecode.swift; path = InfoEnergyItem.swift; sourceTree = "<group>"; };
		7458C6A12C57F189009081BC /* InfoEnergyCSVModel.swift */ = {isa = PBXFileReference; lastKnownFileType = sourcecode.swift; path = InfoEnergyCSVModel.swift; sourceTree = "<group>"; };
		7458C6A32C57F5DE009081BC /* InfoEnergyMainView.swift */ = {isa = PBXFileReference; lastKnownFileType = sourcecode.swift; path = InfoEnergyMainView.swift; sourceTree = "<group>"; };
		7458C6A52C57F916009081BC /* mock.csv */ = {isa = PBXFileReference; lastKnownFileType = text; path = mock.csv; sourceTree = "<group>"; };
		7458C6A72C57FBB3009081BC /* ImportButton.swift */ = {isa = PBXFileReference; lastKnownFileType = sourcecode.swift; path = ImportButton.swift; sourceTree = "<group>"; };
		7458C6AB2C5801B1009081BC /* Array+Extension.swift */ = {isa = PBXFileReference; lastKnownFileType = sourcecode.swift; path = "Array+Extension.swift"; sourceTree = "<group>"; };
		7458C6AD2C5802A6009081BC /* String+Extension.swift */ = {isa = PBXFileReference; lastKnownFileType = sourcecode.swift; path = "String+Extension.swift"; sourceTree = "<group>"; };
		7458C6AF2C581B75009081BC /* Sequence+Extension.swift */ = {isa = PBXFileReference; lastKnownFileType = sourcecode.swift; path = "Sequence+Extension.swift"; sourceTree = "<group>"; };
		7458C6B12C581F87009081BC /* Date+Extension.swift */ = {isa = PBXFileReference; lastKnownFileType = sourcecode.swift; path = "Date+Extension.swift"; sourceTree = "<group>"; };
		7458C6B32C5931BC009081BC /* Calendar+Extension.swift */ = {isa = PBXFileReference; lastKnownFileType = sourcecode.swift; path = "Calendar+Extension.swift"; sourceTree = "<group>"; };
		7458C6B52C5933F7009081BC /* Int+Extension.swift */ = {isa = PBXFileReference; lastKnownFileType = sourcecode.swift; path = "Int+Extension.swift"; sourceTree = "<group>"; };
		7458C6B92C5E9C71009081BC /* InfoEnergyLinesView.swift */ = {isa = PBXFileReference; lastKnownFileType = sourcecode.swift; path = InfoEnergyLinesView.swift; sourceTree = "<group>"; };
		7458C6BC2C5E9CC5009081BC /* FilterDateView.swift */ = {isa = PBXFileReference; lastKnownFileType = sourcecode.swift; path = FilterDateView.swift; sourceTree = "<group>"; };
		7458C6C12C615875009081BC /* LocalizedStringKeys.swift */ = {isa = PBXFileReference; lastKnownFileType = sourcecode.swift; path = LocalizedStringKeys.swift; sourceTree = "<group>"; };
		7458C6C32C615AE7009081BC /* DividedForEach.swift */ = {isa = PBXFileReference; lastKnownFileType = sourcecode.swift; path = DividedForEach.swift; sourceTree = "<group>"; };
		7458C6C52C615B28009081BC /* Legend.swift */ = {isa = PBXFileReference; lastKnownFileType = sourcecode.swift; path = Legend.swift; sourceTree = "<group>"; };
		7458C6C72C627A0A009081BC /* InfoEnergyTimeItem.swift */ = {isa = PBXFileReference; lastKnownFileType = sourcecode.swift; path = InfoEnergyTimeItem.swift; sourceTree = "<group>"; };
		7458C6C92C627A9C009081BC /* InfoEnergyModel.swift */ = {isa = PBXFileReference; lastKnownFileType = sourcecode.swift; path = InfoEnergyModel.swift; sourceTree = "<group>"; };
		7458C6CB2C627AF2009081BC /* InfoEnergyTimesView.swift */ = {isa = PBXFileReference; lastKnownFileType = sourcecode.swift; path = InfoEnergyTimesView.swift; sourceTree = "<group>"; };
		7458C6CD2C63C975009081BC /* InfoEnergyProtocol.swift */ = {isa = PBXFileReference; lastKnownFileType = sourcecode.swift; path = InfoEnergyProtocol.swift; sourceTree = "<group>"; };
		7458C6CF2C63D904009081BC /* DateFormatter+Extension.swift */ = {isa = PBXFileReference; lastKnownFileType = sourcecode.swift; path = "DateFormatter+Extension.swift"; sourceTree = "<group>"; };
/* End PBXFileReference section */

/* Begin PBXFrameworksBuildPhase section */
		7458C6822C57EAA1009081BC /* Frameworks */ = {
			isa = PBXFrameworksBuildPhase;
			buildActionMask = 2147483647;
			files = (
			);
			runOnlyForDeploymentPostprocessing = 0;
		};
/* End PBXFrameworksBuildPhase section */

/* Begin PBXGroup section */
		7458C67C2C57EAA1009081BC = {
			isa = PBXGroup;
			children = (
				7458C6872C57EAA1009081BC /* InfoEnergy */,
				7458C6862C57EAA1009081BC /* Products */,
			);
			sourceTree = "<group>";
		};
		7458C6862C57EAA1009081BC /* Products */ = {
			isa = PBXGroup;
			children = (
				7458C6852C57EAA1009081BC /* InfoEnergy.app */,
			);
			name = Products;
			sourceTree = "<group>";
		};
		7458C6872C57EAA1009081BC /* InfoEnergy */ = {
			isa = PBXGroup;
			children = (
				7458C6C02C615865009081BC /* Localizable */,
				7458C6B72C5E9BFB009081BC /* Views */,
				7458C6AA2C58019B009081BC /* Extensions */,
				7458C69E2C57EDAF009081BC /* Models */,
				7458C6882C57EAA1009081BC /* InfoEnergyApp.swift */,
				7458C6A52C57F916009081BC /* mock.csv */,
				7458C68C2C57EAA2009081BC /* Assets.xcassets */,
				7458C68E2C57EAA2009081BC /* InfoEnergy.entitlements */,
				7458C68F2C57EAA3009081BC /* Preview Content */,
			);
			path = InfoEnergy;
			sourceTree = "<group>";
		};
		7458C68F2C57EAA3009081BC /* Preview Content */ = {
			isa = PBXGroup;
			children = (
				7458C6902C57EAA3009081BC /* Preview Assets.xcassets */,
			);
			path = "Preview Content";
			sourceTree = "<group>";
		};
		7458C69E2C57EDAF009081BC /* Models */ = {
			isa = PBXGroup;
			children = (
				7458C69B2C57ED9E009081BC /* Period.swift */,
				7458C6CD2C63C975009081BC /* InfoEnergyProtocol.swift */,
				7458C6A12C57F189009081BC /* InfoEnergyCSVModel.swift */,
				7458C69F2C57EDEC009081BC /* InfoEnergyItem.swift */,
				7458C6C72C627A0A009081BC /* InfoEnergyTimeItem.swift */,
				7458C6C92C627A9C009081BC /* InfoEnergyModel.swift */,
			);
			path = Models;
			sourceTree = "<group>";
		};
		7458C6AA2C58019B009081BC /* Extensions */ = {
			isa = PBXGroup;
			children = (
				7458C6AB2C5801B1009081BC /* Array+Extension.swift */,
				7458C6B32C5931BC009081BC /* Calendar+Extension.swift */,
				7458C6B12C581F87009081BC /* Date+Extension.swift */,
				7458C6CF2C63D904009081BC /* DateFormatter+Extension.swift */,
				7458C6B52C5933F7009081BC /* Int+Extension.swift */,
				7458C6AF2C581B75009081BC /* Sequence+Extension.swift */,
				7458C6AD2C5802A6009081BC /* String+Extension.swift */,
			);
			path = Extensions;
			sourceTree = "<group>";
		};
		7458C6B72C5E9BFB009081BC /* Views */ = {
			isa = PBXGroup;
			children = (
				7458C6B82C5E9C09009081BC /* Components */,
				7458C68A2C57EAA1009081BC /* CoffeView.swift */,
				7458C6A32C57F5DE009081BC /* InfoEnergyMainView.swift */,
				7458C6B92C5E9C71009081BC /* InfoEnergyLinesView.swift */,
				7458C6CB2C627AF2009081BC /* InfoEnergyTimesView.swift */,
				7458C6972C57ED77009081BC /* InfoEnergyChartLinesView.swift */,
			);
			path = Views;
			sourceTree = "<group>";
		};
		7458C6B82C5E9C09009081BC /* Components */ = {
			isa = PBXGroup;
			children = (
				7458C6C32C615AE7009081BC /* DividedForEach.swift */,
				7458C6A72C57FBB3009081BC /* ImportButton.swift */,
				7458C6BC2C5E9CC5009081BC /* FilterDateView.swift */,
				7458C6C52C615B28009081BC /* Legend.swift */,
			);
			path = Components;
			sourceTree = "<group>";
		};
		7458C6C02C615865009081BC /* Localizable */ = {
			isa = PBXGroup;
			children = (
				7458C6C12C615875009081BC /* LocalizedStringKeys.swift */,
			);
			path = Localizable;
			sourceTree = "<group>";
		};
/* End PBXGroup section */

/* Begin PBXNativeTarget section */
		7458C6842C57EAA1009081BC /* InfoEnergy */ = {
			isa = PBXNativeTarget;
			buildConfigurationList = 7458C6942C57EAA3009081BC /* Build configuration list for PBXNativeTarget "InfoEnergy" */;
			buildPhases = (
				7458C6812C57EAA1009081BC /* Sources */,
				7458C6822C57EAA1009081BC /* Frameworks */,
				7458C6832C57EAA1009081BC /* Resources */,
			);
			buildRules = (
			);
			dependencies = (
			);
			name = InfoEnergy;
			productName = InfoEnergy;
			productReference = 7458C6852C57EAA1009081BC /* InfoEnergy.app */;
			productType = "com.apple.product-type.application";
		};
/* End PBXNativeTarget section */

/* Begin PBXProject section */
		7458C67D2C57EAA1009081BC /* Project object */ = {
			isa = PBXProject;
			attributes = {
				BuildIndependentTargetsInParallel = 1;
				LastSwiftUpdateCheck = 1600;
				LastUpgradeCheck = 1600;
				TargetAttributes = {
					7458C6842C57EAA1009081BC = {
						CreatedOnToolsVersion = 16.0;
					};
				};
			};
			buildConfigurationList = 7458C6802C57EAA1009081BC /* Build configuration list for PBXProject "InfoEnergy" */;
			compatibilityVersion = "Xcode 15.0";
			developmentRegion = en;
			hasScannedForEncodings = 0;
			knownRegions = (
				en,
				Base,
			);
			mainGroup = 7458C67C2C57EAA1009081BC;
			productRefGroup = 7458C6862C57EAA1009081BC /* Products */;
			projectDirPath = "";
			projectRoot = "";
			targets = (
				7458C6842C57EAA1009081BC /* InfoEnergy */,
			);
		};
/* End PBXProject section */

/* Begin PBXResourcesBuildPhase section */
		7458C6832C57EAA1009081BC /* Resources */ = {
			isa = PBXResourcesBuildPhase;
			buildActionMask = 2147483647;
			files = (
				7458C6912C57EAA3009081BC /* Preview Assets.xcassets in Resources */,
				7458C68D2C57EAA2009081BC /* Assets.xcassets in Resources */,
				7458C6A62C57F916009081BC /* mock.csv in Resources */,
			);
			runOnlyForDeploymentPostprocessing = 0;
		};
/* End PBXResourcesBuildPhase section */

/* Begin PBXSourcesBuildPhase section */
		7458C6812C57EAA1009081BC /* Sources */ = {
			isa = PBXSourcesBuildPhase;
			buildActionMask = 2147483647;
			files = (
				7458C68B2C57EAA1009081BC /* CoffeView.swift in Sources */,
				7458C6A02C57EDEC009081BC /* InfoEnergyItem.swift in Sources */,
				7458C6D02C63D904009081BC /* DateFormatter+Extension.swift in Sources */,
				7458C6892C57EAA1009081BC /* InfoEnergyApp.swift in Sources */,
				7458C6CC2C627AF3009081BC /* InfoEnergyTimesView.swift in Sources */,
				7458C6B62C5933F7009081BC /* Int+Extension.swift in Sources */,
				7458C6AC2C5801B1009081BC /* Array+Extension.swift in Sources */,
				7458C6A22C57F1AA009081BC /* InfoEnergyCSVModel.swift in Sources */,
				7458C6C62C615B28009081BC /* Legend.swift in Sources */,
				7458C6B42C5931C3009081BC /* Calendar+Extension.swift in Sources */,
				7458C6CE2C63C975009081BC /* InfoEnergyProtocol.swift in Sources */,
				7458C6B22C581F87009081BC /* Date+Extension.swift in Sources */,
				7458C6C22C615875009081BC /* LocalizedStringKeys.swift in Sources */,
				7458C6A82C57FBB3009081BC /* ImportButton.swift in Sources */,
				7458C6C82C627A19009081BC /* InfoEnergyTimeItem.swift in Sources */,
				7458C6A42C57F5DE009081BC /* InfoEnergyMainView.swift in Sources */,
				7458C69C2C57ED9E009081BC /* Period.swift in Sources */,
				7458C6B02C581B83009081BC /* Sequence+Extension.swift in Sources */,
				7458C6CA2C627AA2009081BC /* InfoEnergyModel.swift in Sources */,
				7458C6AE2C5802A6009081BC /* String+Extension.swift in Sources */,
				7458C6982C57ED77009081BC /* InfoEnergyChartLinesView.swift in Sources */,
				7458C6BD2C5E9CC5009081BC /* FilterDateView.swift in Sources */,
				7458C6C42C615AEF009081BC /* DividedForEach.swift in Sources */,
				7458C6BA2C5E9C71009081BC /* InfoEnergyLinesView.swift in Sources */,
			);
			runOnlyForDeploymentPostprocessing = 0;
		};
/* End PBXSourcesBuildPhase section */

/* Begin XCBuildConfiguration section */
		7458C6922C57EAA3009081BC /* Debug */ = {
			isa = XCBuildConfiguration;
			buildSettings = {
				ALWAYS_SEARCH_USER_PATHS = NO;
				ASSETCATALOG_COMPILER_GENERATE_SWIFT_ASSET_SYMBOL_EXTENSIONS = YES;
				CLANG_ANALYZER_NONNULL = YES;
				CLANG_ANALYZER_NUMBER_OBJECT_CONVERSION = YES_AGGRESSIVE;
				CLANG_CXX_LANGUAGE_STANDARD = "gnu++20";
				CLANG_ENABLE_MODULES = YES;
				CLANG_ENABLE_OBJC_ARC = YES;
				CLANG_ENABLE_OBJC_WEAK = YES;
				CLANG_WARN_BLOCK_CAPTURE_AUTORELEASING = YES;
				CLANG_WARN_BOOL_CONVERSION = YES;
				CLANG_WARN_COMMA = YES;
				CLANG_WARN_CONSTANT_CONVERSION = YES;
				CLANG_WARN_DEPRECATED_OBJC_IMPLEMENTATIONS = YES;
				CLANG_WARN_DIRECT_OBJC_ISA_USAGE = YES_ERROR;
				CLANG_WARN_DOCUMENTATION_COMMENTS = YES;
				CLANG_WARN_EMPTY_BODY = YES;
				CLANG_WARN_ENUM_CONVERSION = YES;
				CLANG_WARN_INFINITE_RECURSION = YES;
				CLANG_WARN_INT_CONVERSION = YES;
				CLANG_WARN_NON_LITERAL_NULL_CONVERSION = YES;
				CLANG_WARN_OBJC_IMPLICIT_RETAIN_SELF = YES;
				CLANG_WARN_OBJC_LITERAL_CONVERSION = YES;
				CLANG_WARN_OBJC_ROOT_CLASS = YES_ERROR;
				CLANG_WARN_QUOTED_INCLUDE_IN_FRAMEWORK_HEADER = YES;
				CLANG_WARN_RANGE_LOOP_ANALYSIS = YES;
				CLANG_WARN_STRICT_PROTOTYPES = YES;
				CLANG_WARN_SUSPICIOUS_MOVE = YES;
				CLANG_WARN_UNGUARDED_AVAILABILITY = YES_AGGRESSIVE;
				CLANG_WARN_UNREACHABLE_CODE = YES;
				CLANG_WARN__DUPLICATE_METHOD_MATCH = YES;
				COPY_PHASE_STRIP = NO;
				DEBUG_INFORMATION_FORMAT = dwarf;
				ENABLE_STRICT_OBJC_MSGSEND = YES;
				ENABLE_TESTABILITY = YES;
				ENABLE_USER_SCRIPT_SANDBOXING = YES;
				GCC_C_LANGUAGE_STANDARD = gnu17;
				GCC_DYNAMIC_NO_PIC = NO;
				GCC_NO_COMMON_BLOCKS = YES;
				GCC_OPTIMIZATION_LEVEL = 0;
				GCC_PREPROCESSOR_DEFINITIONS = (
					"DEBUG=1",
					"$(inherited)",
				);
				GCC_WARN_64_TO_32_BIT_CONVERSION = YES;
				GCC_WARN_ABOUT_RETURN_TYPE = YES_ERROR;
				GCC_WARN_UNDECLARED_SELECTOR = YES;
				GCC_WARN_UNINITIALIZED_AUTOS = YES_AGGRESSIVE;
				GCC_WARN_UNUSED_FUNCTION = YES;
				GCC_WARN_UNUSED_VARIABLE = YES;
				LOCALIZATION_PREFERS_STRING_CATALOGS = YES;
				MTL_ENABLE_DEBUG_INFO = INCLUDE_SOURCE;
				MTL_FAST_MATH = YES;
				ONLY_ACTIVE_ARCH = YES;
				SWIFT_ACTIVE_COMPILATION_CONDITIONS = "DEBUG $(inherited)";
				SWIFT_OPTIMIZATION_LEVEL = "-Onone";
			};
			name = Debug;
		};
		7458C6932C57EAA3009081BC /* Release */ = {
			isa = XCBuildConfiguration;
			buildSettings = {
				ALWAYS_SEARCH_USER_PATHS = NO;
				ASSETCATALOG_COMPILER_GENERATE_SWIFT_ASSET_SYMBOL_EXTENSIONS = YES;
				CLANG_ANALYZER_NONNULL = YES;
				CLANG_ANALYZER_NUMBER_OBJECT_CONVERSION = YES_AGGRESSIVE;
				CLANG_CXX_LANGUAGE_STANDARD = "gnu++20";
				CLANG_ENABLE_MODULES = YES;
				CLANG_ENABLE_OBJC_ARC = YES;
				CLANG_ENABLE_OBJC_WEAK = YES;
				CLANG_WARN_BLOCK_CAPTURE_AUTORELEASING = YES;
				CLANG_WARN_BOOL_CONVERSION = YES;
				CLANG_WARN_COMMA = YES;
				CLANG_WARN_CONSTANT_CONVERSION = YES;
				CLANG_WARN_DEPRECATED_OBJC_IMPLEMENTATIONS = YES;
				CLANG_WARN_DIRECT_OBJC_ISA_USAGE = YES_ERROR;
				CLANG_WARN_DOCUMENTATION_COMMENTS = YES;
				CLANG_WARN_EMPTY_BODY = YES;
				CLANG_WARN_ENUM_CONVERSION = YES;
				CLANG_WARN_INFINITE_RECURSION = YES;
				CLANG_WARN_INT_CONVERSION = YES;
				CLANG_WARN_NON_LITERAL_NULL_CONVERSION = YES;
				CLANG_WARN_OBJC_IMPLICIT_RETAIN_SELF = YES;
				CLANG_WARN_OBJC_LITERAL_CONVERSION = YES;
				CLANG_WARN_OBJC_ROOT_CLASS = YES_ERROR;
				CLANG_WARN_QUOTED_INCLUDE_IN_FRAMEWORK_HEADER = YES;
				CLANG_WARN_RANGE_LOOP_ANALYSIS = YES;
				CLANG_WARN_STRICT_PROTOTYPES = YES;
				CLANG_WARN_SUSPICIOUS_MOVE = YES;
				CLANG_WARN_UNGUARDED_AVAILABILITY = YES_AGGRESSIVE;
				CLANG_WARN_UNREACHABLE_CODE = YES;
				CLANG_WARN__DUPLICATE_METHOD_MATCH = YES;
				COPY_PHASE_STRIP = NO;
				DEBUG_INFORMATION_FORMAT = "dwarf-with-dsym";
				ENABLE_NS_ASSERTIONS = NO;
				ENABLE_STRICT_OBJC_MSGSEND = YES;
				ENABLE_USER_SCRIPT_SANDBOXING = YES;
				GCC_C_LANGUAGE_STANDARD = gnu17;
				GCC_NO_COMMON_BLOCKS = YES;
				GCC_WARN_64_TO_32_BIT_CONVERSION = YES;
				GCC_WARN_ABOUT_RETURN_TYPE = YES_ERROR;
				GCC_WARN_UNDECLARED_SELECTOR = YES;
				GCC_WARN_UNINITIALIZED_AUTOS = YES_AGGRESSIVE;
				GCC_WARN_UNUSED_FUNCTION = YES;
				GCC_WARN_UNUSED_VARIABLE = YES;
				LOCALIZATION_PREFERS_STRING_CATALOGS = YES;
				MTL_ENABLE_DEBUG_INFO = NO;
				MTL_FAST_MATH = YES;
				SWIFT_COMPILATION_MODE = wholemodule;
			};
			name = Release;
		};
		7458C6952C57EAA3009081BC /* Debug */ = {
			isa = XCBuildConfiguration;
			buildSettings = {
				ASSETCATALOG_COMPILER_APPICON_NAME = AppIcon;
				ASSETCATALOG_COMPILER_GLOBAL_ACCENT_COLOR_NAME = AccentColor;
				CODE_SIGN_ENTITLEMENTS = InfoEnergy/InfoEnergy.entitlements;
				CODE_SIGN_STYLE = Automatic;
				CURRENT_PROJECT_VERSION = 1;
				DEVELOPMENT_ASSET_PATHS = "\"InfoEnergy/Preview Content\"";
				DEVELOPMENT_TEAM = 6QVP2HM2ZN;
				ENABLE_HARDENED_RUNTIME = YES;
				ENABLE_PREVIEWS = YES;
				GENERATE_INFOPLIST_FILE = YES;
				"INFOPLIST_KEY_UIApplicationSceneManifest_Generation[sdk=iphoneos*]" = YES;
				"INFOPLIST_KEY_UIApplicationSceneManifest_Generation[sdk=iphonesimulator*]" = YES;
				"INFOPLIST_KEY_UIApplicationSupportsIndirectInputEvents[sdk=iphoneos*]" = YES;
				"INFOPLIST_KEY_UIApplicationSupportsIndirectInputEvents[sdk=iphonesimulator*]" = YES;
				"INFOPLIST_KEY_UILaunchScreen_Generation[sdk=iphoneos*]" = YES;
				"INFOPLIST_KEY_UILaunchScreen_Generation[sdk=iphonesimulator*]" = YES;
				"INFOPLIST_KEY_UIStatusBarStyle[sdk=iphoneos*]" = UIStatusBarStyleDefault;
				"INFOPLIST_KEY_UIStatusBarStyle[sdk=iphonesimulator*]" = UIStatusBarStyleDefault;
				INFOPLIST_KEY_UISupportedInterfaceOrientations_iPad = "UIInterfaceOrientationPortrait UIInterfaceOrientationPortraitUpsideDown UIInterfaceOrientationLandscapeLeft UIInterfaceOrientationLandscapeRight";
				INFOPLIST_KEY_UISupportedInterfaceOrientations_iPhone = "UIInterfaceOrientationPortrait UIInterfaceOrientationLandscapeLeft UIInterfaceOrientationLandscapeRight";
				IPHONEOS_DEPLOYMENT_TARGET = 18.0;
				LD_RUNPATH_SEARCH_PATHS = "@executable_path/Frameworks";
				"LD_RUNPATH_SEARCH_PATHS[sdk=macosx*]" = "@executable_path/../Frameworks";
				MACOSX_DEPLOYMENT_TARGET = 14.5;
				MARKETING_VERSION = 0.1;
				PRODUCT_BUNDLE_IDENTIFIER = com.jeronimoCabezuelo.InfoEnergy;
				PRODUCT_NAME = "$(TARGET_NAME)";
				SDKROOT = auto;
				SUPPORTED_PLATFORMS = "iphoneos iphonesimulator macosx xros xrsimulator";
				SWIFT_EMIT_LOC_STRINGS = YES;
				SWIFT_VERSION = 5.0;
				TARGETED_DEVICE_FAMILY = "1,2,7";
				XROS_DEPLOYMENT_TARGET = 2.0;
			};
			name = Debug;
		};
		7458C6962C57EAA3009081BC /* Release */ = {
			isa = XCBuildConfiguration;
			buildSettings = {
				ASSETCATALOG_COMPILER_APPICON_NAME = AppIcon;
				ASSETCATALOG_COMPILER_GLOBAL_ACCENT_COLOR_NAME = AccentColor;
				CODE_SIGN_ENTITLEMENTS = InfoEnergy/InfoEnergy.entitlements;
				CODE_SIGN_STYLE = Automatic;
				CURRENT_PROJECT_VERSION = 1;
				DEVELOPMENT_ASSET_PATHS = "\"InfoEnergy/Preview Content\"";
				DEVELOPMENT_TEAM = 6QVP2HM2ZN;
				ENABLE_HARDENED_RUNTIME = YES;
				ENABLE_PREVIEWS = YES;
				GENERATE_INFOPLIST_FILE = YES;
				"INFOPLIST_KEY_UIApplicationSceneManifest_Generation[sdk=iphoneos*]" = YES;
				"INFOPLIST_KEY_UIApplicationSceneManifest_Generation[sdk=iphonesimulator*]" = YES;
				"INFOPLIST_KEY_UIApplicationSupportsIndirectInputEvents[sdk=iphoneos*]" = YES;
				"INFOPLIST_KEY_UIApplicationSupportsIndirectInputEvents[sdk=iphonesimulator*]" = YES;
				"INFOPLIST_KEY_UILaunchScreen_Generation[sdk=iphoneos*]" = YES;
				"INFOPLIST_KEY_UILaunchScreen_Generation[sdk=iphonesimulator*]" = YES;
				"INFOPLIST_KEY_UIStatusBarStyle[sdk=iphoneos*]" = UIStatusBarStyleDefault;
				"INFOPLIST_KEY_UIStatusBarStyle[sdk=iphonesimulator*]" = UIStatusBarStyleDefault;
				INFOPLIST_KEY_UISupportedInterfaceOrientations_iPad = "UIInterfaceOrientationPortrait UIInterfaceOrientationPortraitUpsideDown UIInterfaceOrientationLandscapeLeft UIInterfaceOrientationLandscapeRight";
				INFOPLIST_KEY_UISupportedInterfaceOrientations_iPhone = "UIInterfaceOrientationPortrait UIInterfaceOrientationLandscapeLeft UIInterfaceOrientationLandscapeRight";
				IPHONEOS_DEPLOYMENT_TARGET = 18.0;
				LD_RUNPATH_SEARCH_PATHS = "@executable_path/Frameworks";
				"LD_RUNPATH_SEARCH_PATHS[sdk=macosx*]" = "@executable_path/../Frameworks";
				MACOSX_DEPLOYMENT_TARGET = 14.5;
				MARKETING_VERSION = 0.1;
				PRODUCT_BUNDLE_IDENTIFIER = com.jeronimoCabezuelo.InfoEnergy;
				PRODUCT_NAME = "$(TARGET_NAME)";
				SDKROOT = auto;
				SUPPORTED_PLATFORMS = "iphoneos iphonesimulator macosx xros xrsimulator";
				SWIFT_EMIT_LOC_STRINGS = YES;
				SWIFT_VERSION = 5.0;
				TARGETED_DEVICE_FAMILY = "1,2,7";
				XROS_DEPLOYMENT_TARGET = 2.0;
			};
			name = Release;
		};
/* End XCBuildConfiguration section */

/* Begin XCConfigurationList section */
		7458C6802C57EAA1009081BC /* Build configuration list for PBXProject "InfoEnergy" */ = {
			isa = XCConfigurationList;
			buildConfigurations = (
				7458C6922C57EAA3009081BC /* Debug */,
				7458C6932C57EAA3009081BC /* Release */,
			);
			defaultConfigurationIsVisible = 0;
			defaultConfigurationName = Release;
		};
		7458C6942C57EAA3009081BC /* Build configuration list for PBXNativeTarget "InfoEnergy" */ = {
			isa = XCConfigurationList;
			buildConfigurations = (
				7458C6952C57EAA3009081BC /* Debug */,
				7458C6962C57EAA3009081BC /* Release */,
			);
			defaultConfigurationIsVisible = 0;
			defaultConfigurationName = Release;
		};
/* End XCConfigurationList section */
	};
	rootObject = 7458C67D2C57EAA1009081BC /* Project object */;
}
